// !$*UTF8*$!
{
	archiveVersion = 1;
	classes = {
	};
	objectVersion = 56;
	objects = {

/* Begin PBXBuildFile section */
		0E3C25252BB5587200A60727 /* SDL_Timer.cpp in Sources */ = {isa = PBXBuildFile; fileRef = 0E3C25232BB5587200A60727 /* SDL_Timer.cpp */; };
		0E6DDCC82BB4EB02000DEBF0 /* main.cpp in Sources */ = {isa = PBXBuildFile; fileRef = 0E6DDCC72BB4EB02000DEBF0 /* main.cpp */; };
		0E6DDCD02BB4EC88000DEBF0 /* SDL2.framework in Frameworks */ = {isa = PBXBuildFile; fileRef = 0E6DDCCF2BB4EC87000DEBF0 /* SDL2.framework */; };
		0E6DDCD12BB4EC88000DEBF0 /* SDL2.framework in Embed Frameworks */ = {isa = PBXBuildFile; fileRef = 0E6DDCCF2BB4EC87000DEBF0 /* SDL2.framework */; settings = {ATTRIBUTES = (CodeSignOnCopy, RemoveHeadersOnCopy, ); }; };
		0E6DDCD42BB4EC9F000DEBF0 /* SDL2_ttf.framework in Frameworks */ = {isa = PBXBuildFile; fileRef = 0E6DDCD32BB4EC9F000DEBF0 /* SDL2_ttf.framework */; };
		0E6DDCD52BB4EC9F000DEBF0 /* SDL2_ttf.framework in Embed Frameworks */ = {isa = PBXBuildFile; fileRef = 0E6DDCD32BB4EC9F000DEBF0 /* SDL2_ttf.framework */; settings = {ATTRIBUTES = (CodeSignOnCopy, RemoveHeadersOnCopy, ); }; };
		0E6DDCD72BB4ECAF000DEBF0 /* SDL2_mixer.framework in Frameworks */ = {isa = PBXBuildFile; fileRef = 0E6DDCD62BB4ECAF000DEBF0 /* SDL2_mixer.framework */; };
		0E6DDCD82BB4ECAF000DEBF0 /* SDL2_mixer.framework in Embed Frameworks */ = {isa = PBXBuildFile; fileRef = 0E6DDCD62BB4ECAF000DEBF0 /* SDL2_mixer.framework */; settings = {ATTRIBUTES = (CodeSignOnCopy, RemoveHeadersOnCopy, ); }; };
		0E6DDCDB2BB4ECFC000DEBF0 /* init.cpp in Sources */ = {isa = PBXBuildFile; fileRef = 0E6DDCD92BB4ECFC000DEBF0 /* init.cpp */; };
		0E6DDCDE2BB4ED57000DEBF0 /* global_vars.cpp in Sources */ = {isa = PBXBuildFile; fileRef = 0E6DDCDC2BB4ED57000DEBF0 /* global_vars.cpp */; };
		0E6DDCE12BB4F23D000DEBF0 /* texture.cpp in Sources */ = {isa = PBXBuildFile; fileRef = 0E6DDCDF2BB4F23D000DEBF0 /* texture.cpp */; };
		0E6DDCE42BB4F46A000DEBF0 /* button.cpp in Sources */ = {isa = PBXBuildFile; fileRef = 0E6DDCE22BB4F46A000DEBF0 /* button.cpp */; };
		0E6DDCE72BB4F475000DEBF0 /* menu_button.cpp in Sources */ = {isa = PBXBuildFile; fileRef = 0E6DDCE52BB4F475000DEBF0 /* menu_button.cpp */; };
		0E6DDCED2BB4FD56000DEBF0 /* logic.cpp in Sources */ = {isa = PBXBuildFile; fileRef = 0E6DDCEB2BB4FD56000DEBF0 /* logic.cpp */; };
		0E6DDCF22BB52210000DEBF0 /* select_button.cpp in Sources */ = {isa = PBXBuildFile; fileRef = 0E6DDCF02BB52210000DEBF0 /* select_button.cpp */; };
		0E6DDCF42BB523E6000DEBF0 /* SDL2_image.framework in Frameworks */ = {isa = PBXBuildFile; fileRef = 0E6DDCF32BB523E6000DEBF0 /* SDL2_image.framework */; };
		0E6DDCF52BB523E6000DEBF0 /* SDL2_image.framework in Embed Frameworks */ = {isa = PBXBuildFile; fileRef = 0E6DDCF32BB523E6000DEBF0 /* SDL2_image.framework */; settings = {ATTRIBUTES = (CodeSignOnCopy, RemoveHeadersOnCopy, ); }; };
/* End PBXBuildFile section */

/* Begin PBXCopyFilesBuildPhase section */
		0E6DDCC22BB4EB02000DEBF0 /* CopyFiles */ = {
			isa = PBXCopyFilesBuildPhase;
			buildActionMask = 2147483647;
			dstPath = /usr/share/man/man1/;
			dstSubfolderSpec = 0;
			files = (
			);
			runOnlyForDeploymentPostprocessing = 1;
		};
		0E6DDCD22BB4EC88000DEBF0 /* Embed Frameworks */ = {
			isa = PBXCopyFilesBuildPhase;
			buildActionMask = 2147483647;
			dstPath = "";
			dstSubfolderSpec = 10;
			files = (
				0E6DDCD82BB4ECAF000DEBF0 /* SDL2_mixer.framework in Embed Frameworks */,
				0E6DDCD52BB4EC9F000DEBF0 /* SDL2_ttf.framework in Embed Frameworks */,
				0E6DDCD12BB4EC88000DEBF0 /* SDL2.framework in Embed Frameworks */,
				0E6DDCF52BB523E6000DEBF0 /* SDL2_image.framework in Embed Frameworks */,
			);
			name = "Embed Frameworks";
			runOnlyForDeploymentPostprocessing = 0;
		};
/* End PBXCopyFilesBuildPhase section */

/* Begin PBXFileReference section */
		0E3C25232BB5587200A60727 /* SDL_Timer.cpp */ = {isa = PBXFileReference; lastKnownFileType = sourcecode.cpp.cpp; path = SDL_Timer.cpp; sourceTree = "<group>"; };
		0E3C25242BB5587200A60727 /* SDL_Timer.hpp */ = {isa = PBXFileReference; lastKnownFileType = sourcecode.cpp.h; path = SDL_Timer.hpp; sourceTree = "<group>"; };
		0E6DDCC42BB4EB02000DEBF0 /* TicTacToe_SDL */ = {isa = PBXFileReference; explicitFileType = "compiled.mach-o.executable"; includeInIndex = 0; path = TicTacToe_SDL; sourceTree = BUILT_PRODUCTS_DIR; };
		0E6DDCC72BB4EB02000DEBF0 /* main.cpp */ = {isa = PBXFileReference; lastKnownFileType = sourcecode.cpp.cpp; path = main.cpp; sourceTree = "<group>"; };
		0E6DDCCF2BB4EC87000DEBF0 /* SDL2.framework */ = {isa = PBXFileReference; lastKnownFileType = wrapper.framework; name = SDL2.framework; path = ../../../../../../../Library/Frameworks/SDL2.framework; sourceTree = "<group>"; };
		0E6DDCD32BB4EC9F000DEBF0 /* SDL2_ttf.framework */ = {isa = PBXFileReference; lastKnownFileType = wrapper.framework; name = SDL2_ttf.framework; path = ../../../../../../../Library/Frameworks/SDL2_ttf.framework; sourceTree = "<group>"; };
		0E6DDCD62BB4ECAF000DEBF0 /* SDL2_mixer.framework */ = {isa = PBXFileReference; lastKnownFileType = wrapper.framework; name = SDL2_mixer.framework; path = ../../../../../../../Library/Frameworks/SDL2_mixer.framework; sourceTree = "<group>"; };
		0E6DDCD92BB4ECFC000DEBF0 /* init.cpp */ = {isa = PBXFileReference; lastKnownFileType = sourcecode.cpp.cpp; path = init.cpp; sourceTree = "<group>"; };
		0E6DDCDA2BB4ECFC000DEBF0 /* init.hpp */ = {isa = PBXFileReference; lastKnownFileType = sourcecode.cpp.h; path = init.hpp; sourceTree = "<group>"; };
		0E6DDCDC2BB4ED57000DEBF0 /* global_vars.cpp */ = {isa = PBXFileReference; lastKnownFileType = sourcecode.cpp.cpp; path = global_vars.cpp; sourceTree = "<group>"; };
		0E6DDCDD2BB4ED57000DEBF0 /* global_vars.hpp */ = {isa = PBXFileReference; lastKnownFileType = sourcecode.cpp.h; path = global_vars.hpp; sourceTree = "<group>"; };
		0E6DDCDF2BB4F23D000DEBF0 /* texture.cpp */ = {isa = PBXFileReference; lastKnownFileType = sourcecode.cpp.cpp; path = texture.cpp; sourceTree = "<group>"; };
		0E6DDCE02BB4F23D000DEBF0 /* texture.hpp */ = {isa = PBXFileReference; lastKnownFileType = sourcecode.cpp.h; path = texture.hpp; sourceTree = "<group>"; };
		0E6DDCE22BB4F46A000DEBF0 /* button.cpp */ = {isa = PBXFileReference; lastKnownFileType = sourcecode.cpp.cpp; path = button.cpp; sourceTree = "<group>"; };
		0E6DDCE32BB4F46A000DEBF0 /* button.hpp */ = {isa = PBXFileReference; lastKnownFileType = sourcecode.cpp.h; path = button.hpp; sourceTree = "<group>"; };
		0E6DDCE52BB4F475000DEBF0 /* menu_button.cpp */ = {isa = PBXFileReference; lastKnownFileType = sourcecode.cpp.cpp; path = menu_button.cpp; sourceTree = "<group>"; };
		0E6DDCE62BB4F475000DEBF0 /* menu_button.hpp */ = {isa = PBXFileReference; lastKnownFileType = sourcecode.cpp.h; path = menu_button.hpp; sourceTree = "<group>"; };
		0E6DDCEB2BB4FD56000DEBF0 /* logic.cpp */ = {isa = PBXFileReference; lastKnownFileType = sourcecode.cpp.cpp; path = logic.cpp; sourceTree = "<group>"; };
		0E6DDCEC2BB4FD56000DEBF0 /* logic.hpp */ = {isa = PBXFileReference; lastKnownFileType = sourcecode.cpp.h; path = logic.hpp; sourceTree = "<group>"; };
		0E6DDCEE2BB511D4000DEBF0 /* button_state.hpp */ = {isa = PBXFileReference; lastKnownFileType = sourcecode.cpp.h; path = button_state.hpp; sourceTree = "<group>"; };
		0E6DDCEF2BB5201F000DEBF0 /* player_select.hpp */ = {isa = PBXFileReference; lastKnownFileType = sourcecode.cpp.h; path = player_select.hpp; sourceTree = "<group>"; };
		0E6DDCF02BB52210000DEBF0 /* select_button.cpp */ = {isa = PBXFileReference; lastKnownFileType = sourcecode.cpp.cpp; path = select_button.cpp; sourceTree = "<group>"; };
		0E6DDCF12BB52210000DEBF0 /* select_button.hpp */ = {isa = PBXFileReference; lastKnownFileType = sourcecode.cpp.h; path = select_button.hpp; sourceTree = "<group>"; };
		0E6DDCF32BB523E6000DEBF0 /* SDL2_image.framework */ = {isa = PBXFileReference; lastKnownFileType = wrapper.framework; name = SDL2_image.framework; path = ../../../../../../../Library/Frameworks/SDL2_image.framework; sourceTree = "<group>"; };
/* End PBXFileReference section */

/* Begin PBXFrameworksBuildPhase section */
		0E6DDCC12BB4EB02000DEBF0 /* Frameworks */ = {
			isa = PBXFrameworksBuildPhase;
			buildActionMask = 2147483647;
			files = (
				0E6DDCD72BB4ECAF000DEBF0 /* SDL2_mixer.framework in Frameworks */,
				0E6DDCD42BB4EC9F000DEBF0 /* SDL2_ttf.framework in Frameworks */,
				0E6DDCD02BB4EC88000DEBF0 /* SDL2.framework in Frameworks */,
				0E6DDCF42BB523E6000DEBF0 /* SDL2_image.framework in Frameworks */,
			);
			runOnlyForDeploymentPostprocessing = 0;
		};
/* End PBXFrameworksBuildPhase section */

/* Begin PBXGroup section */
		0E6DDCBB2BB4EB02000DEBF0 = {
			isa = PBXGroup;
			children = (
				0E6DDCC62BB4EB02000DEBF0 /* TicTacToe_SDL */,
				0E6DDCC52BB4EB02000DEBF0 /* Products */,
				0E6DDCCE2BB4EC87000DEBF0 /* Frameworks */,
			);
			sourceTree = "<group>";
		};
		0E6DDCC52BB4EB02000DEBF0 /* Products */ = {
			isa = PBXGroup;
			children = (
				0E6DDCC42BB4EB02000DEBF0 /* TicTacToe_SDL */,
			);
			name = Products;
			sourceTree = "<group>";
		};
		0E6DDCC62BB4EB02000DEBF0 /* TicTacToe_SDL */ = {
			isa = PBXGroup;
			children = (
				0E6DDCC72BB4EB02000DEBF0 /* main.cpp */,
				0E6DDCEB2BB4FD56000DEBF0 /* logic.cpp */,
				0E6DDCEC2BB4FD56000DEBF0 /* logic.hpp */,
				0E6DDCDF2BB4F23D000DEBF0 /* texture.cpp */,
				0E6DDCE02BB4F23D000DEBF0 /* texture.hpp */,
				0E6DDCE22BB4F46A000DEBF0 /* button.cpp */,
				0E6DDCE32BB4F46A000DEBF0 /* button.hpp */,
				0E6DDCE52BB4F475000DEBF0 /* menu_button.cpp */,
				0E6DDCE62BB4F475000DEBF0 /* menu_button.hpp */,
				0E6DDCF02BB52210000DEBF0 /* select_button.cpp */,
				0E3C25232BB5587200A60727 /* SDL_Timer.cpp */,
				0E3C25242BB5587200A60727 /* SDL_Timer.hpp */,
				0E6DDCF12BB52210000DEBF0 /* select_button.hpp */,
				0E6DDCD92BB4ECFC000DEBF0 /* init.cpp */,
				0E6DDCDA2BB4ECFC000DEBF0 /* init.hpp */,
				0E6DDCDC2BB4ED57000DEBF0 /* global_vars.cpp */,
				0E6DDCDD2BB4ED57000DEBF0 /* global_vars.hpp */,
				0E6DDCEE2BB511D4000DEBF0 /* button_state.hpp */,
				0E6DDCEF2BB5201F000DEBF0 /* player_select.hpp */,
			);
			path = TicTacToe_SDL;
			sourceTree = "<group>";
		};
		0E6DDCCE2BB4EC87000DEBF0 /* Frameworks */ = {
			isa = PBXGroup;
			children = (
				0E6DDCF32BB523E6000DEBF0 /* SDL2_image.framework */,
				0E6DDCD62BB4ECAF000DEBF0 /* SDL2_mixer.framework */,
				0E6DDCD32BB4EC9F000DEBF0 /* SDL2_ttf.framework */,
				0E6DDCCF2BB4EC87000DEBF0 /* SDL2.framework */,
			);
			name = Frameworks;
			sourceTree = "<group>";
		};
/* End PBXGroup section */

/* Begin PBXNativeTarget section */
		0E6DDCC32BB4EB02000DEBF0 /* TicTacToe_SDL */ = {
			isa = PBXNativeTarget;
			buildConfigurationList = 0E6DDCCB2BB4EB02000DEBF0 /* Build configuration list for PBXNativeTarget "TicTacToe_SDL" */;
			buildPhases = (
				0E6DDCC02BB4EB02000DEBF0 /* Sources */,
				0E6DDCC12BB4EB02000DEBF0 /* Frameworks */,
				0E6DDCC22BB4EB02000DEBF0 /* CopyFiles */,
				0E6DDCD22BB4EC88000DEBF0 /* Embed Frameworks */,
			);
			buildRules = (
			);
			dependencies = (
			);
			name = TicTacToe_SDL;
			productName = TicTacToe_SDL;
			productReference = 0E6DDCC42BB4EB02000DEBF0 /* TicTacToe_SDL */;
			productType = "com.apple.product-type.tool";
		};
/* End PBXNativeTarget section */

/* Begin PBXProject section */
		0E6DDCBC2BB4EB02000DEBF0 /* Project object */ = {
			isa = PBXProject;
			attributes = {
				BuildIndependentTargetsInParallel = 1;
				LastUpgradeCheck = 1510;
				TargetAttributes = {
					0E6DDCC32BB4EB02000DEBF0 = {
						CreatedOnToolsVersion = 15.1;
					};
				};
			};
			buildConfigurationList = 0E6DDCBF2BB4EB02000DEBF0 /* Build configuration list for PBXProject "TicTacToe_SDL" */;
			compatibilityVersion = "Xcode 14.0";
			developmentRegion = en;
			hasScannedForEncodings = 0;
			knownRegions = (
				en,
				Base,
			);
			mainGroup = 0E6DDCBB2BB4EB02000DEBF0;
			productRefGroup = 0E6DDCC52BB4EB02000DEBF0 /* Products */;
			projectDirPath = "";
			projectRoot = "";
			targets = (
				0E6DDCC32BB4EB02000DEBF0 /* TicTacToe_SDL */,
			);
		};
/* End PBXProject section */

/* Begin PBXSourcesBuildPhase section */
		0E6DDCC02BB4EB02000DEBF0 /* Sources */ = {
			isa = PBXSourcesBuildPhase;
			buildActionMask = 2147483647;
			files = (
				0E6DDCED2BB4FD56000DEBF0 /* logic.cpp in Sources */,
				0E6DDCF22BB52210000DEBF0 /* select_button.cpp in Sources */,
				0E6DDCDE2BB4ED57000DEBF0 /* global_vars.cpp in Sources */,
				0E6DDCE42BB4F46A000DEBF0 /* button.cpp in Sources */,
				0E6DDCE72BB4F475000DEBF0 /* menu_button.cpp in Sources */,
				0E6DDCE12BB4F23D000DEBF0 /* texture.cpp in Sources */,
				0E3C25252BB5587200A60727 /* SDL_Timer.cpp in Sources */,
				0E6DDCC82BB4EB02000DEBF0 /* main.cpp in Sources */,
				0E6DDCDB2BB4ECFC000DEBF0 /* init.cpp in Sources */,
			);
			runOnlyForDeploymentPostprocessing = 0;
		};
/* End PBXSourcesBuildPhase section */

/* Begin XCBuildConfiguration section */
		0E6DDCC92BB4EB02000DEBF0 /* Debug */ = {
			isa = XCBuildConfiguration;
			buildSettings = {
				ALWAYS_SEARCH_USER_PATHS = NO;
				ASSETCATALOG_COMPILER_GENERATE_SWIFT_ASSET_SYMBOL_EXTENSIONS = YES;
				CLANG_ANALYZER_NONNULL = YES;
				CLANG_ANALYZER_NUMBER_OBJECT_CONVERSION = YES_AGGRESSIVE;
				CLANG_CXX_LANGUAGE_STANDARD = "gnu++20";
				CLANG_ENABLE_MODULES = YES;
				CLANG_ENABLE_OBJC_ARC = YES;
				CLANG_ENABLE_OBJC_WEAK = YES;
				CLANG_WARN_BLOCK_CAPTURE_AUTORELEASING = YES;
				CLANG_WARN_BOOL_CONVERSION = YES;
				CLANG_WARN_COMMA = YES;
				CLANG_WARN_CONSTANT_CONVERSION = YES;
				CLANG_WARN_DEPRECATED_OBJC_IMPLEMENTATIONS = YES;
				CLANG_WARN_DIRECT_OBJC_ISA_USAGE = YES_ERROR;
				CLANG_WARN_DOCUMENTATION_COMMENTS = YES;
				CLANG_WARN_EMPTY_BODY = YES;
				CLANG_WARN_ENUM_CONVERSION = YES;
				CLANG_WARN_INFINITE_RECURSION = YES;
				CLANG_WARN_INT_CONVERSION = YES;
				CLANG_WARN_NON_LITERAL_NULL_CONVERSION = YES;
				CLANG_WARN_OBJC_IMPLICIT_RETAIN_SELF = YES;
				CLANG_WARN_OBJC_LITERAL_CONVERSION = YES;
				CLANG_WARN_OBJC_ROOT_CLASS = YES_ERROR;
				CLANG_WARN_QUOTED_INCLUDE_IN_FRAMEWORK_HEADER = YES;
				CLANG_WARN_RANGE_LOOP_ANALYSIS = YES;
				CLANG_WARN_STRICT_PROTOTYPES = YES;
				CLANG_WARN_SUSPICIOUS_MOVE = YES;
				CLANG_WARN_UNGUARDED_AVAILABILITY = YES_AGGRESSIVE;
				CLANG_WARN_UNREACHABLE_CODE = YES;
				CLANG_WARN__DUPLICATE_METHOD_MATCH = YES;
				COPY_PHASE_STRIP = NO;
				DEBUG_INFORMATION_FORMAT = dwarf;
				ENABLE_STRICT_OBJC_MSGSEND = YES;
				ENABLE_TESTABILITY = YES;
				ENABLE_USER_SCRIPT_SANDBOXING = YES;
				GCC_C_LANGUAGE_STANDARD = gnu17;
				GCC_DYNAMIC_NO_PIC = NO;
				GCC_NO_COMMON_BLOCKS = YES;
				GCC_OPTIMIZATION_LEVEL = 0;
				GCC_PREPROCESSOR_DEFINITIONS = (
					"DEBUG=1",
					"$(inherited)",
				);
				GCC_WARN_64_TO_32_BIT_CONVERSION = YES;
				GCC_WARN_ABOUT_RETURN_TYPE = YES_ERROR;
				GCC_WARN_UNDECLARED_SELECTOR = YES;
				GCC_WARN_UNINITIALIZED_AUTOS = YES_AGGRESSIVE;
				GCC_WARN_UNUSED_FUNCTION = YES;
				GCC_WARN_UNUSED_VARIABLE = YES;
				LOCALIZATION_PREFERS_STRING_CATALOGS = YES;
				MACOSX_DEPLOYMENT_TARGET = 14.2;
				MTL_ENABLE_DEBUG_INFO = INCLUDE_SOURCE;
				MTL_FAST_MATH = YES;
				ONLY_ACTIVE_ARCH = YES;
				SDKROOT = macosx;
			};
			name = Debug;
		};
		0E6DDCCA2BB4EB02000DEBF0 /* Release */ = {
			isa = XCBuildConfiguration;
			buildSettings = {
				ALWAYS_SEARCH_USER_PATHS = NO;
				ASSETCATALOG_COMPILER_GENERATE_SWIFT_ASSET_SYMBOL_EXTENSIONS = YES;
				CLANG_ANALYZER_NONNULL = YES;
				CLANG_ANALYZER_NUMBER_OBJECT_CONVERSION = YES_AGGRESSIVE;
				CLANG_CXX_LANGUAGE_STANDARD = "gnu++20";
				CLANG_ENABLE_MODULES = YES;
				CLANG_ENABLE_OBJC_ARC = YES;
				CLANG_ENABLE_OBJC_WEAK = YES;
				CLANG_WARN_BLOCK_CAPTURE_AUTORELEASING = YES;
				CLANG_WARN_BOOL_CONVERSION = YES;
				CLANG_WARN_COMMA = YES;
				CLANG_WARN_CONSTANT_CONVERSION = YES;
				CLANG_WARN_DEPRECATED_OBJC_IMPLEMENTATIONS = YES;
				CLANG_WARN_DIRECT_OBJC_ISA_USAGE = YES_ERROR;
				CLANG_WARN_DOCUMENTATION_COMMENTS = YES;
				CLANG_WARN_EMPTY_BODY = YES;
				CLANG_WARN_ENUM_CONVERSION = YES;
				CLANG_WARN_INFINITE_RECURSION = YES;
				CLANG_WARN_INT_CONVERSION = YES;
				CLANG_WARN_NON_LITERAL_NULL_CONVERSION = YES;
				CLANG_WARN_OBJC_IMPLICIT_RETAIN_SELF = YES;
				CLANG_WARN_OBJC_LITERAL_CONVERSION = YES;
				CLANG_WARN_OBJC_ROOT_CLASS = YES_ERROR;
				CLANG_WARN_QUOTED_INCLUDE_IN_FRAMEWORK_HEADER = YES;
				CLANG_WARN_RANGE_LOOP_ANALYSIS = YES;
				CLANG_WARN_STRICT_PROTOTYPES = YES;
				CLANG_WARN_SUSPICIOUS_MOVE = YES;
				CLANG_WARN_UNGUARDED_AVAILABILITY = YES_AGGRESSIVE;
				CLANG_WARN_UNREACHABLE_CODE = YES;
				CLANG_WARN__DUPLICATE_METHOD_MATCH = YES;
				COPY_PHASE_STRIP = NO;
				DEBUG_INFORMATION_FORMAT = "dwarf-with-dsym";
				ENABLE_NS_ASSERTIONS = NO;
				ENABLE_STRICT_OBJC_MSGSEND = YES;
				ENABLE_USER_SCRIPT_SANDBOXING = YES;
				GCC_C_LANGUAGE_STANDARD = gnu17;
				GCC_NO_COMMON_BLOCKS = YES;
				GCC_WARN_64_TO_32_BIT_CONVERSION = YES;
				GCC_WARN_ABOUT_RETURN_TYPE = YES_ERROR;
				GCC_WARN_UNDECLARED_SELECTOR = YES;
				GCC_WARN_UNINITIALIZED_AUTOS = YES_AGGRESSIVE;
				GCC_WARN_UNUSED_FUNCTION = YES;
				GCC_WARN_UNUSED_VARIABLE = YES;
				LOCALIZATION_PREFERS_STRING_CATALOGS = YES;
				MACOSX_DEPLOYMENT_TARGET = 14.2;
				MTL_ENABLE_DEBUG_INFO = NO;
				MTL_FAST_MATH = YES;
				SDKROOT = macosx;
			};
			name = Release;
		};
		0E6DDCCC2BB4EB02000DEBF0 /* Debug */ = {
			isa = XCBuildConfiguration;
			buildSettings = {
				CODE_SIGN_STYLE = Automatic;
				FRAMEWORK_SEARCH_PATHS = (
					"$(inherited)",
					"$(LOCAL_LIBRARY_DIR)/Frameworks",
				);
				PRODUCT_NAME = "$(TARGET_NAME)";
			};
			name = Debug;
		};
		0E6DDCCD2BB4EB02000DEBF0 /* Release */ = {
			isa = XCBuildConfiguration;
			buildSettings = {
				CODE_SIGN_STYLE = Automatic;
				FRAMEWORK_SEARCH_PATHS = (
					"$(inherited)",
					"$(LOCAL_LIBRARY_DIR)/Frameworks",
				);
				PRODUCT_NAME = "$(TARGET_NAME)";
			};
			name = Release;
		};
/* End XCBuildConfiguration section */

/* Begin XCConfigurationList section */
		0E6DDCBF2BB4EB02000DEBF0 /* Build configuration list for PBXProject "TicTacToe_SDL" */ = {
			isa = XCConfigurationList;
			buildConfigurations = (
				0E6DDCC92BB4EB02000DEBF0 /* Debug */,
				0E6DDCCA2BB4EB02000DEBF0 /* Release */,
			);
			defaultConfigurationIsVisible = 0;
			defaultConfigurationName = Release;
		};
		0E6DDCCB2BB4EB02000DEBF0 /* Build configuration list for PBXNativeTarget "TicTacToe_SDL" */ = {
			isa = XCConfigurationList;
			buildConfigurations = (
				0E6DDCCC2BB4EB02000DEBF0 /* Debug */,
				0E6DDCCD2BB4EB02000DEBF0 /* Release */,
			);
			defaultConfigurationIsVisible = 0;
			defaultConfigurationName = Release;
		};
/* End XCConfigurationList section */
	};
	rootObject = 0E6DDCBC2BB4EB02000DEBF0 /* Project object */;
}
